
Microsoft Visual Studio Solution File, Format Version 12.00
# Visual Studio Version 17
VisualStudioVersion = 17.2.32526.322
MinimumVisualStudioVersion = 10.0.40219.1
Project("{9A19103F-16F7-4668-BE54-9A1E7A4F7556}") = "Marvel.Api", "Marvel.Api\Marvel.Api.csproj", "{F34109F2-C4DB-4B65-8732-E16983EE7AF2}"
EndProject
Project("{9A19103F-16F7-4668-BE54-9A1E7A4F7556}") = "MarvelApp.Application", "MarvelApp.Application\MarvelApp.Application.csproj", "{852CA7F6-80C8-445B-B140-669609FDB4FF}"
EndProject
Project("{9A19103F-16F7-4668-BE54-9A1E7A4F7556}") = "MarvelApp.Domain", "MarvelApp.Domain\MarvelApp.Domain.csproj", "{DE718DE2-E59D-42DD-9457-AFA18A597799}"
EndProject
Project("{9A19103F-16F7-4668-BE54-9A1E7A4F7556}") = "MarvelApp.Infrastructure", "MarvelApp.Infrastructure\MarvelApp.Infrastructure.csproj", "{9B0B70CF-594E-4BC2-87BA-649C8767BB32}"
EndProject
Project("{FAE04EC0-301F-11D3-BF4B-00C04F79EFBC}") = "MarvelApp.TestApi", "MarvelApp.TestApi\MarvelApp.TestApi.csproj", "{B0184FAC-44CA-4BDA-B627-FD688CD831A5}"
EndProject
Global
	GlobalSection(SolutionConfigurationPlatforms) = preSolution
		Debug|Any CPU = Debug|Any CPU
		Release|Any CPU = Release|Any CPU
	EndGlobalSection
	GlobalSection(ProjectConfigurationPlatforms) = postSolution
		{F34109F2-C4DB-4B65-8732-E16983EE7AF2}.Debug|Any CPU.ActiveCfg = Debug|Any CPU
		{F34109F2-C4DB-4B65-8732-E16983EE7AF2}.Debug|Any CPU.Build.0 = Debug|Any CPU
		{F34109F2-C4DB-4B65-8732-E16983EE7AF2}.Release|Any CPU.ActiveCfg = Release|Any CPU
		{F34109F2-C4DB-4B65-8732-E16983EE7AF2}.Release|Any CPU.Build.0 = Release|Any CPU
		{852CA7F6-80C8-445B-B140-669609FDB4FF}.Debug|Any CPU.ActiveCfg = Debug|Any CPU
		{852CA7F6-80C8-445B-B140-669609FDB4FF}.Debug|Any CPU.Build.0 = Debug|Any CPU
		{852CA7F6-80C8-445B-B140-669609FDB4FF}.Release|Any CPU.ActiveCfg = Release|Any CPU
		{852CA7F6-80C8-445B-B140-669609FDB4FF}.Release|Any CPU.Build.0 = Release|Any CPU
		{DE718DE2-E59D-42DD-9457-AFA18A597799}.Debug|Any CPU.ActiveCfg = Debug|Any CPU
		{DE718DE2-E59D-42DD-9457-AFA18A597799}.Debug|Any CPU.Build.0 = Debug|Any CPU
		{DE718DE2-E59D-42DD-9457-AFA18A597799}.Release|Any CPU.ActiveCfg = Release|Any CPU
		{DE718DE2-E59D-42DD-9457-AFA18A597799}.Release|Any CPU.Build.0 = Release|Any CPU
		{9B0B70CF-594E-4BC2-87BA-649C8767BB32}.Debug|Any CPU.ActiveCfg = Debug|Any CPU
		{9B0B70CF-594E-4BC2-87BA-649C8767BB32}.Debug|Any CPU.Build.0 = Debug|Any CPU
		{9B0B70CF-594E-4BC2-87BA-649C8767BB32}.Release|Any CPU.ActiveCfg = Release|Any CPU
		{9B0B70CF-594E-4BC2-87BA-649C8767BB32}.Release|Any CPU.Build.0 = Release|Any CPU
		{B0184FAC-44CA-4BDA-B627-FD688CD831A5}.Debug|Any CPU.ActiveCfg = Debug|Any CPU
		{B0184FAC-44CA-4BDA-B627-FD688CD831A5}.Debug|Any CPU.Build.0 = Debug|Any CPU
		{B0184FAC-44CA-4BDA-B627-FD688CD831A5}.Release|Any CPU.ActiveCfg = Release|Any CPU
		{B0184FAC-44CA-4BDA-B627-FD688CD831A5}.Release|Any CPU.Build.0 = Release|Any CPU
	EndGlobalSection
	GlobalSection(SolutionProperties) = preSolution
		HideSolutionNode = FALSE
	EndGlobalSection
	GlobalSection(ExtensibilityGlobals) = postSolution
		SolutionGuid = {84C65490-D161-4F79-B9CE-7AFEBEE021B5}
	EndGlobalSection
EndGlobal
